
Microsoft Visual Studio Solution File, Format Version 12.00
# Visual Studio Version 17
VisualStudioVersion = 17.6.33723.286
MinimumVisualStudioVersion = 10.0.40219.1
Project("{FAE04EC0-301F-11D3-BF4B-00C04F79EFBC}") = "Examen1App1", "Examen1App1.csproj", "{FA196FD0-6305-4D2D-BD30-2606820AB599}"
EndProject
Global
	GlobalSection(SolutionConfigurationPlatforms) = preSolution
		Debug|Any CPU = Debug|Any CPU
		Release|Any CPU = Release|Any CPU
	EndGlobalSection
	GlobalSection(ProjectConfigurationPlatforms) = postSolution
		{FA196FD0-6305-4D2D-BD30-2606820AB599}.Debug|Any CPU.ActiveCfg = Debug|Any CPU
		{FA196FD0-6305-4D2D-BD30-2606820AB599}.Debug|Any CPU.Build.0 = Debug|Any CPU
		{FA196FD0-6305-4D2D-BD30-2606820AB599}.Release|Any CPU.ActiveCfg = Release|Any CPU
		{FA196FD0-6305-4D2D-BD30-2606820AB599}.Release|Any CPU.Build.0 = Release|Any CPU
	EndGlobalSection
	GlobalSection(SolutionProperties) = preSolution
		HideSolutionNode = FALSE
	EndGlobalSection
	GlobalSection(ExtensibilityGlobals) = postSolution
		SolutionGuid = {01740CF5-7E04-47CD-813B-60C73B1CDB16}
	EndGlobalSection
EndGlobal
